// !$*UTF8*$!
{
	archiveVersion = 1;
	classes = {
	};
	objectVersion = 50;
	objects = {

/* Begin PBXBuildFile section */
		4704D5A7227B22E400C684B2 /* AppDelegate.swift in Sources */ = {isa = PBXBuildFile; fileRef = 4704D5A6227B22E400C684B2 /* AppDelegate.swift */; };
		4704D5A9227B22E400C684B2 /* ViewController.swift in Sources */ = {isa = PBXBuildFile; fileRef = 4704D5A8227B22E400C684B2 /* ViewController.swift */; };
		4704D5AC227B22E400C684B2 /* Main.storyboard in Resources */ = {isa = PBXBuildFile; fileRef = 4704D5AA227B22E400C684B2 /* Main.storyboard */; };
		4704D5AE227B22E500C684B2 /* Assets.xcassets in Resources */ = {isa = PBXBuildFile; fileRef = 4704D5AD227B22E500C684B2 /* Assets.xcassets */; };
		4704D5B1227B22E500C684B2 /* LaunchScreen.storyboard in Resources */ = {isa = PBXBuildFile; fileRef = 4704D5AF227B22E500C684B2 /* LaunchScreen.storyboard */; };
		4704D5B9227B253300C684B2 /* WatchlistViewController.swift in Sources */ = {isa = PBXBuildFile; fileRef = 4704D5B8227B253300C684B2 /* WatchlistViewController.swift */; };
		4704D5BB227B253D00C684B2 /* DiscoverViewController.swift in Sources */ = {isa = PBXBuildFile; fileRef = 4704D5BA227B253D00C684B2 /* DiscoverViewController.swift */; };
		4704D5BD227B254E00C684B2 /* WatchedViewController.swift in Sources */ = {isa = PBXBuildFile; fileRef = 4704D5BC227B254E00C684B2 /* WatchedViewController.swift */; };
		4704D5BF227B25FF00C684B2 /* Movie.swift in Sources */ = {isa = PBXBuildFile; fileRef = 4704D5BE227B25FF00C684B2 /* Movie.swift */; };
		4704D5C1227B262400C684B2 /* Genre.swift in Sources */ = {isa = PBXBuildFile; fileRef = 4704D5C0227B262400C684B2 /* Genre.swift */; };
		4704D5C3227B26C300C684B2 /* UIColorExtension.swift in Sources */ = {isa = PBXBuildFile; fileRef = 4704D5C2227B26C300C684B2 /* UIColorExtension.swift */; };
		4704D5C5227B277300C684B2 /* User.swift in Sources */ = {isa = PBXBuildFile; fileRef = 4704D5C4227B277300C684B2 /* User.swift */; };
		4704D5C9227B288600C684B2 /* AppData.swift in Sources */ = {isa = PBXBuildFile; fileRef = 4704D5C8227B288600C684B2 /* AppData.swift */; };
		4704D5CB227B291F00C684B2 /* TMDB.swift in Sources */ = {isa = PBXBuildFile; fileRef = 4704D5CA227B291F00C684B2 /* TMDB.swift */; };
		4704D5CD227B58E400C684B2 /* MovieViewController.swift in Sources */ = {isa = PBXBuildFile; fileRef = 4704D5CC227B58E400C684B2 /* MovieViewController.swift */; };
		4704D5D2227B5EB700C684B2 /* MovieTableViewCell.swift in Sources */ = {isa = PBXBuildFile; fileRef = 4704D5D0227B5EB700C684B2 /* MovieTableViewCell.swift */; };
		4704D5D3227B5EB700C684B2 /* MovieTableViewCell.xib in Resources */ = {isa = PBXBuildFile; fileRef = 4704D5D1227B5EB700C684B2 /* MovieTableViewCell.xib */; };
		47DB0C3E227C615F00AC2E1C /* MovieTableDelegate.swift in Sources */ = {isa = PBXBuildFile; fileRef = 47DB0C3D227C615F00AC2E1C /* MovieTableDelegate.swift */; };
		47DB0C42227C620000AC2E1C /* MovieProtocol.swift in Sources */ = {isa = PBXBuildFile; fileRef = 47DB0C41227C620000AC2E1C /* MovieProtocol.swift */; };
		47DB0C45227C641000AC2E1C /* UIImageViewExtension.swift in Sources */ = {isa = PBXBuildFile; fileRef = 47DB0C44227C641000AC2E1C /* UIImageViewExtension.swift */; };
		47DB0C4B227C8D5900AC2E1C /* MovieCardView.xib in Resources */ = {isa = PBXBuildFile; fileRef = 47DB0C4A227C8D5900AC2E1C /* MovieCardView.xib */; };
		47DB0C4D227C90E800AC2E1C /* MovieCardView.swift in Sources */ = {isa = PBXBuildFile; fileRef = 47DB0C4C227C90E800AC2E1C /* MovieCardView.swift */; };
/* End PBXBuildFile section */

/* Begin PBXFileReference section */
		4704D5A3227B22E400C684B2 /* Moviender.app */ = {isa = PBXFileReference; explicitFileType = wrapper.application; includeInIndex = 0; path = Moviender.app; sourceTree = BUILT_PRODUCTS_DIR; };
		4704D5A6227B22E400C684B2 /* AppDelegate.swift */ = {isa = PBXFileReference; lastKnownFileType = sourcecode.swift; path = AppDelegate.swift; sourceTree = "<group>"; };
		4704D5A8227B22E400C684B2 /* ViewController.swift */ = {isa = PBXFileReference; lastKnownFileType = sourcecode.swift; path = ViewController.swift; sourceTree = "<group>"; };
		4704D5AB227B22E400C684B2 /* Base */ = {isa = PBXFileReference; lastKnownFileType = file.storyboard; name = Base; path = Base.lproj/Main.storyboard; sourceTree = "<group>"; };
		4704D5AD227B22E500C684B2 /* Assets.xcassets */ = {isa = PBXFileReference; lastKnownFileType = folder.assetcatalog; path = Assets.xcassets; sourceTree = "<group>"; };
		4704D5B0227B22E500C684B2 /* Base */ = {isa = PBXFileReference; lastKnownFileType = file.storyboard; name = Base; path = Base.lproj/LaunchScreen.storyboard; sourceTree = "<group>"; };
		4704D5B2227B22E500C684B2 /* Info.plist */ = {isa = PBXFileReference; lastKnownFileType = text.plist.xml; path = Info.plist; sourceTree = "<group>"; };
		4704D5B8227B253300C684B2 /* WatchlistViewController.swift */ = {isa = PBXFileReference; lastKnownFileType = sourcecode.swift; path = WatchlistViewController.swift; sourceTree = "<group>"; };
		4704D5BA227B253D00C684B2 /* DiscoverViewController.swift */ = {isa = PBXFileReference; lastKnownFileType = sourcecode.swift; path = DiscoverViewController.swift; sourceTree = "<group>"; };
		4704D5BC227B254E00C684B2 /* WatchedViewController.swift */ = {isa = PBXFileReference; lastKnownFileType = sourcecode.swift; path = WatchedViewController.swift; sourceTree = "<group>"; };
		4704D5BE227B25FF00C684B2 /* Movie.swift */ = {isa = PBXFileReference; lastKnownFileType = sourcecode.swift; path = Movie.swift; sourceTree = "<group>"; };
		4704D5C0227B262400C684B2 /* Genre.swift */ = {isa = PBXFileReference; lastKnownFileType = sourcecode.swift; path = Genre.swift; sourceTree = "<group>"; };
		4704D5C2227B26C300C684B2 /* UIColorExtension.swift */ = {isa = PBXFileReference; lastKnownFileType = sourcecode.swift; path = UIColorExtension.swift; sourceTree = "<group>"; };
		4704D5C4227B277300C684B2 /* User.swift */ = {isa = PBXFileReference; lastKnownFileType = sourcecode.swift; path = User.swift; sourceTree = "<group>"; };
		4704D5C8227B288600C684B2 /* AppData.swift */ = {isa = PBXFileReference; lastKnownFileType = sourcecode.swift; path = AppData.swift; sourceTree = "<group>"; };
		4704D5CA227B291F00C684B2 /* TMDB.swift */ = {isa = PBXFileReference; lastKnownFileType = sourcecode.swift; path = TMDB.swift; sourceTree = "<group>"; };
		4704D5CC227B58E400C684B2 /* MovieViewController.swift */ = {isa = PBXFileReference; lastKnownFileType = sourcecode.swift; path = MovieViewController.swift; sourceTree = "<group>"; };
		4704D5D0227B5EB700C684B2 /* MovieTableViewCell.swift */ = {isa = PBXFileReference; lastKnownFileType = sourcecode.swift; path = MovieTableViewCell.swift; sourceTree = "<group>"; };
		4704D5D1227B5EB700C684B2 /* MovieTableViewCell.xib */ = {isa = PBXFileReference; lastKnownFileType = file.xib; path = MovieTableViewCell.xib; sourceTree = "<group>"; };
		47DB0C3D227C615F00AC2E1C /* MovieTableDelegate.swift */ = {isa = PBXFileReference; lastKnownFileType = sourcecode.swift; path = MovieTableDelegate.swift; sourceTree = "<group>"; };
		47DB0C41227C620000AC2E1C /* MovieProtocol.swift */ = {isa = PBXFileReference; lastKnownFileType = sourcecode.swift; path = MovieProtocol.swift; sourceTree = "<group>"; };
		47DB0C44227C641000AC2E1C /* UIImageViewExtension.swift */ = {isa = PBXFileReference; lastKnownFileType = sourcecode.swift; path = UIImageViewExtension.swift; sourceTree = "<group>"; };
		47DB0C4A227C8D5900AC2E1C /* MovieCardView.xib */ = {isa = PBXFileReference; lastKnownFileType = file.xib; path = MovieCardView.xib; sourceTree = "<group>"; };
		47DB0C4C227C90E800AC2E1C /* MovieCardView.swift */ = {isa = PBXFileReference; lastKnownFileType = sourcecode.swift; path = MovieCardView.swift; sourceTree = "<group>"; };
/* End PBXFileReference section */

/* Begin PBXFrameworksBuildPhase section */
		4704D5A0227B22E400C684B2 /* Frameworks */ = {
			isa = PBXFrameworksBuildPhase;
			buildActionMask = 2147483647;
			files = (
			);
			runOnlyForDeploymentPostprocessing = 0;
		};
/* End PBXFrameworksBuildPhase section */

/* Begin PBXGroup section */
		4704D59A227B22E400C684B2 = {
			isa = PBXGroup;
			children = (
				4704D5A5227B22E400C684B2 /* Moviender */,
				4704D5A4227B22E400C684B2 /* Products */,
			);
			sourceTree = "<group>";
		};
		4704D5A4227B22E400C684B2 /* Products */ = {
			isa = PBXGroup;
			children = (
				4704D5A3227B22E400C684B2 /* Moviender.app */,
			);
			name = Products;
			sourceTree = "<group>";
		};
		4704D5A5227B22E400C684B2 /* Moviender */ = {
			isa = PBXGroup;
			children = (
				4704D5A6227B22E400C684B2 /* AppDelegate.swift */,
				47DB0C41227C620000AC2E1C /* MovieProtocol.swift */,
				4704D5A8227B22E400C684B2 /* ViewController.swift */,
				4704D5AA227B22E400C684B2 /* Main.storyboard */,
				4704D5AD227B22E500C684B2 /* Assets.xcassets */,
				4704D5AF227B22E500C684B2 /* LaunchScreen.storyboard */,
				4704D5B2227B22E500C684B2 /* Info.plist */,
				4704D5B8227B253300C684B2 /* WatchlistViewController.swift */,
				4704D5BA227B253D00C684B2 /* DiscoverViewController.swift */,
				4704D5BC227B254E00C684B2 /* WatchedViewController.swift */,
				4704D5BE227B25FF00C684B2 /* Movie.swift */,
				4704D5C0227B262400C684B2 /* Genre.swift */,
				4704D5C2227B26C300C684B2 /* UIColorExtension.swift */,
				4704D5C4227B277300C684B2 /* User.swift */,
				4704D5C8227B288600C684B2 /* AppData.swift */,
				4704D5CA227B291F00C684B2 /* TMDB.swift */,
				4704D5CC227B58E400C684B2 /* MovieViewController.swift */,
				4704D5D0227B5EB700C684B2 /* MovieTableViewCell.swift */,
				4704D5D1227B5EB700C684B2 /* MovieTableViewCell.xib */,
				47DB0C3D227C615F00AC2E1C /* MovieTableDelegate.swift */,
				47DB0C44227C641000AC2E1C /* UIImageViewExtension.swift */,
				47DB0C4A227C8D5900AC2E1C /* MovieCardView.xib */,
				47DB0C4C227C90E800AC2E1C /* MovieCardView.swift */,
			);
			path = Moviender;
			sourceTree = "<group>";
		};
/* End PBXGroup section */

/* Begin PBXNativeTarget section */
		4704D5A2227B22E400C684B2 /* Moviender */ = {
			isa = PBXNativeTarget;
			buildConfigurationList = 4704D5B5227B22E500C684B2 /* Build configuration list for PBXNativeTarget "Moviender" */;
			buildPhases = (
				4704D59F227B22E400C684B2 /* Sources */,
				4704D5A0227B22E400C684B2 /* Frameworks */,
				4704D5A1227B22E400C684B2 /* Resources */,
			);
			buildRules = (
			);
			dependencies = (
			);
			name = Moviender;
			productName = Moviender;
			productReference = 4704D5A3227B22E400C684B2 /* Moviender.app */;
			productType = "com.apple.product-type.application";
		};
/* End PBXNativeTarget section */

/* Begin PBXProject section */
		4704D59B227B22E400C684B2 /* Project object */ = {
			isa = PBXProject;
			attributes = {
				LastSwiftUpdateCheck = 1020;
				LastUpgradeCheck = 1020;
				ORGANIZATIONNAME = "Enzo Maruffa Moreira";
				TargetAttributes = {
					4704D5A2227B22E400C684B2 = {
						CreatedOnToolsVersion = 10.2.1;
					};
				};
			};
			buildConfigurationList = 4704D59E227B22E400C684B2 /* Build configuration list for PBXProject "Moviender" */;
			compatibilityVersion = "Xcode 9.3";
			developmentRegion = en;
			hasScannedForEncodings = 0;
			knownRegions = (
				en,
				Base,
			);
			mainGroup = 4704D59A227B22E400C684B2;
			productRefGroup = 4704D5A4227B22E400C684B2 /* Products */;
			projectDirPath = "";
			projectRoot = "";
			targets = (
				4704D5A2227B22E400C684B2 /* Moviender */,
			);
		};
/* End PBXProject section */

/* Begin PBXResourcesBuildPhase section */
		4704D5A1227B22E400C684B2 /* Resources */ = {
			isa = PBXResourcesBuildPhase;
			buildActionMask = 2147483647;
			files = (
				4704D5B1227B22E500C684B2 /* LaunchScreen.storyboard in Resources */,
				4704D5AE227B22E500C684B2 /* Assets.xcassets in Resources */,
				47DB0C4B227C8D5900AC2E1C /* MovieCardView.xib in Resources */,
				4704D5D3227B5EB700C684B2 /* MovieTableViewCell.xib in Resources */,
				4704D5AC227B22E400C684B2 /* Main.storyboard in Resources */,
			);
			runOnlyForDeploymentPostprocessing = 0;
		};
/* End PBXResourcesBuildPhase section */

/* Begin PBXSourcesBuildPhase section */
		4704D59F227B22E400C684B2 /* Sources */ = {
			isa = PBXSourcesBuildPhase;
			buildActionMask = 2147483647;
			files = (
				47DB0C42227C620000AC2E1C /* MovieProtocol.swift in Sources */,
				4704D5BD227B254E00C684B2 /* WatchedViewController.swift in Sources */,
				4704D5B9227B253300C684B2 /* WatchlistViewController.swift in Sources */,
				4704D5D2227B5EB700C684B2 /* MovieTableViewCell.swift in Sources */,
				4704D5BF227B25FF00C684B2 /* Movie.swift in Sources */,
				4704D5C3227B26C300C684B2 /* UIColorExtension.swift in Sources */,
				4704D5BB227B253D00C684B2 /* DiscoverViewController.swift in Sources */,
				47DB0C4D227C90E800AC2E1C /* MovieCardView.swift in Sources */,
				4704D5CB227B291F00C684B2 /* TMDB.swift in Sources */,
				47DB0C3E227C615F00AC2E1C /* MovieTableDelegate.swift in Sources */,
				4704D5C5227B277300C684B2 /* User.swift in Sources */,
				4704D5A9227B22E400C684B2 /* ViewController.swift in Sources */,
				4704D5A7227B22E400C684B2 /* AppDelegate.swift in Sources */,
				47DB0C45227C641000AC2E1C /* UIImageViewExtension.swift in Sources */,
				4704D5C1227B262400C684B2 /* Genre.swift in Sources */,
				4704D5C9227B288600C684B2 /* AppData.swift in Sources */,
				4704D5CD227B58E400C684B2 /* MovieViewController.swift in Sources */,
			);
			runOnlyForDeploymentPostprocessing = 0;
		};
/* End PBXSourcesBuildPhase section */

/* Begin PBXVariantGroup section */
		4704D5AA227B22E400C684B2 /* Main.storyboard */ = {
			isa = PBXVariantGroup;
			children = (
				4704D5AB227B22E400C684B2 /* Base */,
			);
			name = Main.storyboard;
			sourceTree = "<group>";
		};
		4704D5AF227B22E500C684B2 /* LaunchScreen.storyboard */ = {
			isa = PBXVariantGroup;
			children = (
				4704D5B0227B22E500C684B2 /* Base */,
			);
			name = LaunchScreen.storyboard;
			sourceTree = "<group>";
		};
/* End PBXVariantGroup section */

/* Begin XCBuildConfiguration section */
		4704D5B3227B22E500C684B2 /* Debug */ = {
			isa = XCBuildConfiguration;
			buildSettings = {
				ALWAYS_SEARCH_USER_PATHS = NO;
				CLANG_ANALYZER_NONNULL = YES;
				CLANG_ANALYZER_NUMBER_OBJECT_CONVERSION = YES_AGGRESSIVE;
				CLANG_CXX_LANGUAGE_STANDARD = "gnu++14";
				CLANG_CXX_LIBRARY = "libc++";
				CLANG_ENABLE_MODULES = YES;
				CLANG_ENABLE_OBJC_ARC = YES;
				CLANG_ENABLE_OBJC_WEAK = YES;
				CLANG_WARN_BLOCK_CAPTURE_AUTORELEASING = YES;
				CLANG_WARN_BOOL_CONVERSION = YES;
				CLANG_WARN_COMMA = YES;
				CLANG_WARN_CONSTANT_CONVERSION = YES;
				CLANG_WARN_DEPRECATED_OBJC_IMPLEMENTATIONS = YES;
				CLANG_WARN_DIRECT_OBJC_ISA_USAGE = YES_ERROR;
				CLANG_WARN_DOCUMENTATION_COMMENTS = YES;
				CLANG_WARN_EMPTY_BODY = YES;
				CLANG_WARN_ENUM_CONVERSION = YES;
				CLANG_WARN_INFINITE_RECURSION = YES;
				CLANG_WARN_INT_CONVERSION = YES;
				CLANG_WARN_NON_LITERAL_NULL_CONVERSION = YES;
				CLANG_WARN_OBJC_IMPLICIT_RETAIN_SELF = YES;
				CLANG_WARN_OBJC_LITERAL_CONVERSION = YES;
				CLANG_WARN_OBJC_ROOT_CLASS = YES_ERROR;
				CLANG_WARN_RANGE_LOOP_ANALYSIS = YES;
				CLANG_WARN_STRICT_PROTOTYPES = YES;
				CLANG_WARN_SUSPICIOUS_MOVE = YES;
				CLANG_WARN_UNGUARDED_AVAILABILITY = YES_AGGRESSIVE;
				CLANG_WARN_UNREACHABLE_CODE = YES;
				CLANG_WARN__DUPLICATE_METHOD_MATCH = YES;
				CODE_SIGN_IDENTITY = "iPhone Developer";
				COPY_PHASE_STRIP = NO;
				DEBUG_INFORMATION_FORMAT = dwarf;
				ENABLE_STRICT_OBJC_MSGSEND = YES;
				ENABLE_TESTABILITY = YES;
				GCC_C_LANGUAGE_STANDARD = gnu11;
				GCC_DYNAMIC_NO_PIC = NO;
				GCC_NO_COMMON_BLOCKS = YES;
				GCC_OPTIMIZATION_LEVEL = 0;
				GCC_PREPROCESSOR_DEFINITIONS = (
					"DEBUG=1",
					"$(inherited)",
				);
				GCC_WARN_64_TO_32_BIT_CONVERSION = YES;
				GCC_WARN_ABOUT_RETURN_TYPE = YES_ERROR;
				GCC_WARN_UNDECLARED_SELECTOR = YES;
				GCC_WARN_UNINITIALIZED_AUTOS = YES_AGGRESSIVE;
				GCC_WARN_UNUSED_FUNCTION = YES;
				GCC_WARN_UNUSED_VARIABLE = YES;
				IPHONEOS_DEPLOYMENT_TARGET = 12.2;
				MTL_ENABLE_DEBUG_INFO = INCLUDE_SOURCE;
				MTL_FAST_MATH = YES;
				ONLY_ACTIVE_ARCH = YES;
				SDKROOT = iphoneos;
				SWIFT_ACTIVE_COMPILATION_CONDITIONS = DEBUG;
				SWIFT_OPTIMIZATION_LEVEL = "-Onone";
			};
			name = Debug;
		};
		4704D5B4227B22E500C684B2 /* Release */ = {
			isa = XCBuildConfiguration;
			buildSettings = {
				ALWAYS_SEARCH_USER_PATHS = NO;
				CLANG_ANALYZER_NONNULL = YES;
				CLANG_ANALYZER_NUMBER_OBJECT_CONVERSION = YES_AGGRESSIVE;
				CLANG_CXX_LANGUAGE_STANDARD = "gnu++14";
				CLANG_CXX_LIBRARY = "libc++";
				CLANG_ENABLE_MODULES = YES;
				CLANG_ENABLE_OBJC_ARC = YES;
				CLANG_ENABLE_OBJC_WEAK = YES;
				CLANG_WARN_BLOCK_CAPTURE_AUTORELEASING = YES;
				CLANG_WARN_BOOL_CONVERSION = YES;
				CLANG_WARN_COMMA = YES;
				CLANG_WARN_CONSTANT_CONVERSION = YES;
				CLANG_WARN_DEPRECATED_OBJC_IMPLEMENTATIONS = YES;
				CLANG_WARN_DIRECT_OBJC_ISA_USAGE = YES_ERROR;
				CLANG_WARN_DOCUMENTATION_COMMENTS = YES;
				CLANG_WARN_EMPTY_BODY = YES;
				CLANG_WARN_ENUM_CONVERSION = YES;
				CLANG_WARN_INFINITE_RECURSION = YES;
				CLANG_WARN_INT_CONVERSION = YES;
				CLANG_WARN_NON_LITERAL_NULL_CONVERSION = YES;
				CLANG_WARN_OBJC_IMPLICIT_RETAIN_SELF = YES;
				CLANG_WARN_OBJC_LITERAL_CONVERSION = YES;
				CLANG_WARN_OBJC_ROOT_CLASS = YES_ERROR;
				CLANG_WARN_RANGE_LOOP_ANALYSIS = YES;
				CLANG_WARN_STRICT_PROTOTYPES = YES;
				CLANG_WARN_SUSPICIOUS_MOVE = YES;
				CLANG_WARN_UNGUARDED_AVAILABILITY = YES_AGGRESSIVE;
				CLANG_WARN_UNREACHABLE_CODE = YES;
				CLANG_WARN__DUPLICATE_METHOD_MATCH = YES;
				CODE_SIGN_IDENTITY = "iPhone Developer";
				COPY_PHASE_STRIP = NO;
				DEBUG_INFORMATION_FORMAT = "dwarf-with-dsym";
				ENABLE_NS_ASSERTIONS = NO;
				ENABLE_STRICT_OBJC_MSGSEND = YES;
				GCC_C_LANGUAGE_STANDARD = gnu11;
				GCC_NO_COMMON_BLOCKS = YES;
				GCC_WARN_64_TO_32_BIT_CONVERSION = YES;
				GCC_WARN_ABOUT_RETURN_TYPE = YES_ERROR;
				GCC_WARN_UNDECLARED_SELECTOR = YES;
				GCC_WARN_UNINITIALIZED_AUTOS = YES_AGGRESSIVE;
				GCC_WARN_UNUSED_FUNCTION = YES;
				GCC_WARN_UNUSED_VARIABLE = YES;
				IPHONEOS_DEPLOYMENT_TARGET = 12.2;
				MTL_ENABLE_DEBUG_INFO = NO;
				MTL_FAST_MATH = YES;
				SDKROOT = iphoneos;
				SWIFT_COMPILATION_MODE = wholemodule;
				SWIFT_OPTIMIZATION_LEVEL = "-O";
				VALIDATE_PRODUCT = YES;
			};
			name = Release;
		};
		4704D5B6227B22E500C684B2 /* Debug */ = {
			isa = XCBuildConfiguration;
			buildSettings = {
				ASSETCATALOG_COMPILER_APPICON_NAME = AppIcon;
				CODE_SIGN_STYLE = Automatic;
				DEVELOPMENT_TEAM = D9FBK2WPJX;
				INFOPLIST_FILE = Moviender/Info.plist;
				LD_RUNPATH_SEARCH_PATHS = (
					"$(inherited)",
					"@executable_path/Frameworks",
				);
				PRODUCT_BUNDLE_IDENTIFIER = com.crashcourse19.Moviender;
				PRODUCT_NAME = "$(TARGET_NAME)";
				SWIFT_VERSION = 5.0;
				TARGETED_DEVICE_FAMILY = "1,2";
			};
			name = Debug;
		};
		4704D5B7227B22E500C684B2 /* Release */ = {
			isa = XCBuildConfiguration;
			buildSettings = {
				ASSETCATALOG_COMPILER_APPICON_NAME = AppIcon;
				CODE_SIGN_STYLE = Automatic;
				DEVELOPMENT_TEAM = D9FBK2WPJX;
				INFOPLIST_FILE = Moviender/Info.plist;
				LD_RUNPATH_SEARCH_PATHS = (
					"$(inherited)",
					"@executable_path/Frameworks",
				);
				PRODUCT_BUNDLE_IDENTIFIER = com.crashcourse19.Moviender;
				PRODUCT_NAME = "$(TARGET_NAME)";
				SWIFT_VERSION = 5.0;
				TARGETED_DEVICE_FAMILY = "1,2";
			};
			name = Release;
		};
/* End XCBuildConfiguration section */

/* Begin XCConfigurationList section */
		4704D59E227B22E400C684B2 /* Build configuration list for PBXProject "Moviender" */ = {
			isa = XCConfigurationList;
			buildConfigurations = (
				4704D5B3227B22E500C684B2 /* Debug */,
				4704D5B4227B22E500C684B2 /* Release */,
			);
			defaultConfigurationIsVisible = 0;
			defaultConfigurationName = Release;
		};
		4704D5B5227B22E500C684B2 /* Build configuration list for PBXNativeTarget "Moviender" */ = {
			isa = XCConfigurationList;
			buildConfigurations = (
				4704D5B6227B22E500C684B2 /* Debug */,
				4704D5B7227B22E500C684B2 /* Release */,
			);
			defaultConfigurationIsVisible = 0;
			defaultConfigurationName = Release;
		};
/* End XCConfigurationList section */
	};
	rootObject = 4704D59B227B22E400C684B2 /* Project object */;
}
